
Microsoft Visual Studio Solution File, Format Version 12.00
# Visual Studio 15
VisualStudioVersion = 15.0.26124.0
MinimumVisualStudioVersion = 15.0.26124.0
Project("{9A19103F-16F7-4668-BE54-9A1E7A4F7556}") = "example.Api", "example.Api\example.Api.csproj", "{89C5E608-9991-4B64-AC9F-DBC51F038E52}"
EndProject
Project("{9A19103F-16F7-4668-BE54-9A1E7A4F7556}") = "example.Core", "example.Core\example.Core.csproj", "{522AC299-CB94-4A49-86AE-B51857D465F3}"
EndProject
Project("{9A19103F-16F7-4668-BE54-9A1E7A4F7556}") = "example.Infrastructure", "example.Infrastructure\example.Infrastructure.csproj", "{74E3248B-56CC-44F7-8345-29119F616A82}"
EndProject
Project("{FAE04EC0-301F-11D3-BF4B-00C04F79EFBC}") = "example.Test", "example.Test\example.Test.csproj", "{0772BCD4-49E8-4070-A9F6-1BC21FF71BA9}"
EndProject
Global
	GlobalSection(SolutionConfigurationPlatforms) = preSolution
		Debug|Any CPU = Debug|Any CPU
		Debug|x64 = Debug|x64
		Debug|x86 = Debug|x86
		Release|Any CPU = Release|Any CPU
		Release|x64 = Release|x64
		Release|x86 = Release|x86
	EndGlobalSection
	GlobalSection(ProjectConfigurationPlatforms) = postSolution
		{89C5E608-9991-4B64-AC9F-DBC51F038E52}.Debug|Any CPU.ActiveCfg = Debug|Any CPU
		{89C5E608-9991-4B64-AC9F-DBC51F038E52}.Debug|Any CPU.Build.0 = Debug|Any CPU
		{89C5E608-9991-4B64-AC9F-DBC51F038E52}.Debug|x64.ActiveCfg = Debug|Any CPU
		{89C5E608-9991-4B64-AC9F-DBC51F038E52}.Debug|x64.Build.0 = Debug|Any CPU
		{89C5E608-9991-4B64-AC9F-DBC51F038E52}.Debug|x86.ActiveCfg = Debug|Any CPU
		{89C5E608-9991-4B64-AC9F-DBC51F038E52}.Debug|x86.Build.0 = Debug|Any CPU
		{89C5E608-9991-4B64-AC9F-DBC51F038E52}.Release|Any CPU.ActiveCfg = Release|Any CPU
		{89C5E608-9991-4B64-AC9F-DBC51F038E52}.Release|Any CPU.Build.0 = Release|Any CPU
		{89C5E608-9991-4B64-AC9F-DBC51F038E52}.Release|x64.ActiveCfg = Release|Any CPU
		{89C5E608-9991-4B64-AC9F-DBC51F038E52}.Release|x64.Build.0 = Release|Any CPU
		{89C5E608-9991-4B64-AC9F-DBC51F038E52}.Release|x86.ActiveCfg = Release|Any CPU
		{89C5E608-9991-4B64-AC9F-DBC51F038E52}.Release|x86.Build.0 = Release|Any CPU
		{522AC299-CB94-4A49-86AE-B51857D465F3}.Debug|Any CPU.ActiveCfg = Debug|Any CPU
		{522AC299-CB94-4A49-86AE-B51857D465F3}.Debug|Any CPU.Build.0 = Debug|Any CPU
		{522AC299-CB94-4A49-86AE-B51857D465F3}.Debug|x64.ActiveCfg = Debug|Any CPU
		{522AC299-CB94-4A49-86AE-B51857D465F3}.Debug|x64.Build.0 = Debug|Any CPU
		{522AC299-CB94-4A49-86AE-B51857D465F3}.Debug|x86.ActiveCfg = Debug|Any CPU
		{522AC299-CB94-4A49-86AE-B51857D465F3}.Debug|x86.Build.0 = Debug|Any CPU
		{522AC299-CB94-4A49-86AE-B51857D465F3}.Release|Any CPU.ActiveCfg = Release|Any CPU
		{522AC299-CB94-4A49-86AE-B51857D465F3}.Release|Any CPU.Build.0 = Release|Any CPU
		{522AC299-CB94-4A49-86AE-B51857D465F3}.Release|x64.ActiveCfg = Release|Any CPU
		{522AC299-CB94-4A49-86AE-B51857D465F3}.Release|x64.Build.0 = Release|Any CPU
		{522AC299-CB94-4A49-86AE-B51857D465F3}.Release|x86.ActiveCfg = Release|Any CPU
		{522AC299-CB94-4A49-86AE-B51857D465F3}.Release|x86.Build.0 = Release|Any CPU
		{74E3248B-56CC-44F7-8345-29119F616A82}.Debug|Any CPU.ActiveCfg = Debug|Any CPU
		{74E3248B-56CC-44F7-8345-29119F616A82}.Debug|Any CPU.Build.0 = Debug|Any CPU
		{74E3248B-56CC-44F7-8345-29119F616A82}.Debug|x64.ActiveCfg = Debug|Any CPU
		{74E3248B-56CC-44F7-8345-29119F616A82}.Debug|x64.Build.0 = Debug|Any CPU
		{74E3248B-56CC-44F7-8345-29119F616A82}.Debug|x86.ActiveCfg = Debug|Any CPU
		{74E3248B-56CC-44F7-8345-29119F616A82}.Debug|x86.Build.0 = Debug|Any CPU
		{74E3248B-56CC-44F7-8345-29119F616A82}.Release|Any CPU.ActiveCfg = Release|Any CPU
		{74E3248B-56CC-44F7-8345-29119F616A82}.Release|Any CPU.Build.0 = Release|Any CPU
		{74E3248B-56CC-44F7-8345-29119F616A82}.Release|x64.ActiveCfg = Release|Any CPU
		{74E3248B-56CC-44F7-8345-29119F616A82}.Release|x64.Build.0 = Release|Any CPU
		{74E3248B-56CC-44F7-8345-29119F616A82}.Release|x86.ActiveCfg = Release|Any CPU
		{74E3248B-56CC-44F7-8345-29119F616A82}.Release|x86.Build.0 = Release|Any CPU
		{0772BCD4-49E8-4070-A9F6-1BC21FF71BA9}.Debug|Any CPU.ActiveCfg = Debug|Any CPU
		{0772BCD4-49E8-4070-A9F6-1BC21FF71BA9}.Debug|Any CPU.Build.0 = Debug|Any CPU
		{0772BCD4-49E8-4070-A9F6-1BC21FF71BA9}.Debug|x64.ActiveCfg = Debug|Any CPU
		{0772BCD4-49E8-4070-A9F6-1BC21FF71BA9}.Debug|x64.Build.0 = Debug|Any CPU
		{0772BCD4-49E8-4070-A9F6-1BC21FF71BA9}.Debug|x86.ActiveCfg = Debug|Any CPU
		{0772BCD4-49E8-4070-A9F6-1BC21FF71BA9}.Debug|x86.Build.0 = Debug|Any CPU
		{0772BCD4-49E8-4070-A9F6-1BC21FF71BA9}.Release|Any CPU.ActiveCfg = Release|Any CPU
		{0772BCD4-49E8-4070-A9F6-1BC21FF71BA9}.Release|Any CPU.Build.0 = Release|Any CPU
		{0772BCD4-49E8-4070-A9F6-1BC21FF71BA9}.Release|x64.ActiveCfg = Release|Any CPU
		{0772BCD4-49E8-4070-A9F6-1BC21FF71BA9}.Release|x64.Build.0 = Release|Any CPU
		{0772BCD4-49E8-4070-A9F6-1BC21FF71BA9}.Release|x86.ActiveCfg = Release|Any CPU
		{0772BCD4-49E8-4070-A9F6-1BC21FF71BA9}.Release|x86.Build.0 = Release|Any CPU
	EndGlobalSection
	GlobalSection(SolutionProperties) = preSolution
		HideSolutionNode = FALSE
	EndGlobalSection
	GlobalSection(ExtensibilityGlobals) = postSolution
		SolutionGuid = {64F9143D-4246-4F54-ACEF-258AEFB76E75}
	EndGlobalSection
EndGlobal
